<?xml version="1.0" encoding="utf-8"?>
<Project xmlns="http://schemas.microsoft.com/developer/msbuild/2003">
  <PropertyGroup>
    <ProjectGuid>{395703ee-1be7-46ad-809f-e6c623dd07cb}</ProjectGuid>
    <MainSource>RgRegistr.dpr</MainSource>
    <Configuration Condition=" '$(Configuration)' == '' ">Debug</Configuration>
    <Platform Condition=" '$(Platform)' == '' ">AnyCPU</Platform>
    <DCC_DCCCompiler>DCC32</DCC_DCCCompiler>
    <DCC_DependencyCheckOutputName>..\bin_old\RgRegistr.exe</DCC_DependencyCheckOutputName>
  </PropertyGroup>
  <PropertyGroup Condition=" '$(Configuration)|$(Platform)' == 'Release|AnyCPU' ">
    <Version>7.0</Version>
    <DCC_DebugInformation>False</DCC_DebugInformation>
    <DCC_LocalDebugSymbols>False</DCC_LocalDebugSymbols>
    <DCC_SymbolReferenceInfo>0</DCC_SymbolReferenceInfo>
    <DCC_Define>RELEASE</DCC_Define>
  </PropertyGroup>
  <PropertyGroup Condition=" '$(Configuration)|$(Platform)' == 'Debug|AnyCPU' ">
    <Version>7.0</Version>
    <DCC_Define>DEBUG</DCC_Define>
    <DCC_ExeOutput>..\bin_old</DCC_ExeOutput>
    <DCC_DcuOutput>..\dcu</DCC_DcuOutput>
    <DCC_ObjOutput>..\dcu</DCC_ObjOutput>
    <DCC_HppOutput>..\dcu</DCC_HppOutput>
    <DCC_UnitSearchPath>..\..\..\uCommon_Kolya;..\..\..\..\uCommon;..\..\..\uCommon_Tima</DCC_UnitSearchPath>
    <DCC_ResourcePath>..\..\..\uCommon_Kolya;..\..\..\..\uCommon;..\..\..\uCommon_Tima</DCC_ResourcePath>
    <DCC_ObjPath>..\..\..\uCommon_Kolya;..\..\..\..\uCommon;..\..\..\uCommon_Tima</DCC_ObjPath>
    <DCC_IncludePath>..\..\..\uCommon_Kolya;..\..\..\..\uCommon;..\..\..\uCommon_Tima</DCC_IncludePath>
    <DCC_MapFile>3</DCC_MapFile>
  </PropertyGroup>
  <ProjectExtensions>
    <Borland.Personality>Delphi.Personality</Borland.Personality>
    <Borland.ProjectType>VCLApplication</Borland.ProjectType>
    <BorlandProject>
<BorlandProject><Delphi.Personality><Parameters><Parameters Name="UseLauncher">False</Parameters><Parameters Name="LoadAllSymbols">True</Parameters><Parameters Name="LoadUnspecifiedSymbols">False</Parameters><Parameters Name="RunParams">46293</Parameters></Parameters><VersionInfo><VersionInfo Name="IncludeVerInfo">True</VersionInfo><VersionInfo Name="AutoIncBuild">True</VersionInfo><VersionInfo Name="MajorVer">1</VersionInfo><VersionInfo Name="MinorVer">0</VersionInfo><VersionInfo Name="Release">1</VersionInfo><VersionInfo Name="Build">330</VersionInfo><VersionInfo Name="Debug">False</VersionInfo><VersionInfo Name="PreRelease">False</VersionInfo><VersionInfo Name="Special">False</VersionInfo><VersionInfo Name="Private">False</VersionInfo><VersionInfo Name="DLL">False</VersionInfo><VersionInfo Name="Locale">1049</VersionInfo><VersionInfo Name="CodePage">1251</VersionInfo></VersionInfo><VersionInfoKeys><VersionInfoKeys Name="CompanyName">ООО "Медотрейд"</VersionInfoKeys><VersionInfoKeys Name="FileDescription">АРМ Рентген-регистратора</VersionInfoKeys><VersionInfoKeys Name="FileVersion">1.0.1.330</VersionInfoKeys><VersionInfoKeys Name="InternalName"></VersionInfoKeys><VersionInfoKeys Name="LegalCopyright"></VersionInfoKeys><VersionInfoKeys Name="LegalTrademarks"></VersionInfoKeys><VersionInfoKeys Name="OriginalFilename"></VersionInfoKeys><VersionInfoKeys Name="ProductName"></VersionInfoKeys><VersionInfoKeys Name="ProductVersion">1.0.0.0</VersionInfoKeys><VersionInfoKeys Name="Comments"></VersionInfoKeys></VersionInfoKeys><Source><Source Name="MainSource">RgRegistr.dpr</Source></Source><Excluded_Packages>
      
      
      
      
      <Excluded_Packages Name="$(BDS)\bin\dcloffice2k100.bpl">Microsoft Office 2000 Sample Automation Server Wrapper Components</Excluded_Packages>
      <Excluded_Packages Name="$(BDS)\bin\dclofficexp100.bpl">Microsoft Office XP Sample Automation Server Wrapper Components</Excluded_Packages>
    </Excluded_Packages></Delphi.Personality></BorlandProject></BorlandProject>
  </ProjectExtensions>
  <Import Project="$(MSBuildBinPath)\Borland.Delphi.Targets" />
  <ItemGroup>
    <DelphiCompile Include="RgRegistr.dpr">
      <MainSource>MainSource</MainSource>
    </DelphiCompile>
    <DCCReference Include="..\..\..\..\..\Trunk\ASU2\uCommon_Tima\SMMainAPI.pas" />
    <DCCReference Include="..\..\..\uCommon_Kolya\fAllHistory.pas">
      <Form>frmAllHistory</Form>
    </DCCReference>
    <DCCReference Include="..\..\..\uCommon_Kolya\fCompany.pas">
      <Form>frmCompany</Form>
    </DCCReference>
    <DCCReference Include="..\..\..\uCommon_Kolya\fCompanyList.pas">
      <Form>frmCompanyList</Form>
    </DCCReference>
    <DCCReference Include="..\..\..\uCommon_Kolya\fEditNaz.pas">
      <Form>frmEditNaz</Form>
    </DCCReference>
    <DCCReference Include="..\..\..\uCommon_Kolya\fFluoro.pas">
      <Form>frmFluoro</Form>
    </DCCReference>
    <DCCReference Include="..\..\..\uCommon_Kolya\fFluoroParameters.pas">
      <Form>frmFluoroParameters</Form>
    </DCCReference>
    <DCCReference Include="..\..\..\uCommon_Kolya\fKem.pas">
      <Form>frmKem</Form>
    </DCCReference>
    <DCCReference Include="..\..\..\uCommon_Kolya\fOtmena.pas">
      <Form>frmOtmena</Form>
    </DCCReference>
    <DCCReference Include="..\..\..\uCommon_Kolya\fPacInfo.pas">
      <Form>frmPacInfo</Form>
    </DCCReference>
    <DCCReference Include="..\..\..\uCommon_Kolya\fProsmotrZakl.pas">
      <Form>frmProsmotrZakl</Form>
    </DCCReference>
    <DCCReference Include="..\..\..\uCommon_Kolya\fProsmotrZaklFlu.pas">
      <Form>frmProsmotrZaklFlu</Form>
    </DCCReference>
    <DCCReference Include="..\..\..\uCommon_Kolya\fSetPeriodTub.pas">
      <Form>frmSetPeriodTub</Form>
    </DCCReference>
    <DCCReference Include="..\..\..\uCommon_Kolya\fSysInfo.pas">
      <Form>frmSysInfo</Form>
    </DCCReference>
    <DCCReference Include="..\..\..\uCommon_Kolya\fTub.pas">
      <Form>frmTub</Form>
    </DCCReference>
    <DCCReference Include="..\..\..\uCommon_Kolya\fViewProtocol.pas">
      <Form>frmViewProtocol</Form>
    </DCCReference>
    <DCCReference Include="..\..\..\uCommon_Kolya\fWait.pas">
      <Form>FrmWait</Form>
    </DCCReference>
    <DCCReference Include="..\Source\fAddEditElement.pas">
      <Form>frmAddEditElement</Form>
    </DCCReference>
    <DCCReference Include="..\Source\fMain.pas">
      <Form>frmMain</Form>
    </DCCReference>
    <DCCReference Include="..\Source\fNazParamRegist.pas">
      <Form>frmNazParamRegist</Form>
    </DCCReference>
    <DCCReference Include="..\Source\fNazRgOne1.pas">
      <Form>frmNazRg1</Form>
    </DCCReference>
    <DCCReference Include="..\Source\fRegistrAmbPac.pas">
      <Form>frmRegistrAmbPac</Form>
    </DCCReference>
    <DCCReference Include="..\Source\fRegistrAmbPacFlu.pas">
      <Form>frmRegistrAmbPacFlu</Form>
    </DCCReference>
    <DCCReference Include="..\Source\fSearch.pas">
      <Form>frmSearch</Form>
    </DCCReference>
    <DCCReference Include="..\Source\fSetLastFluNum.pas">
      <Form>frmSetLastFluNum</Form>
    </DCCReference>
    <DCCReference Include="..\Source\fSetResume.pas">
      <Form>frmSetResume</Form>
    </DCCReference>
  </ItemGroup>
</Project>