<?xml version="1.0" encoding="utf-8"?>
<Project xmlns="http://schemas.microsoft.com/developer/msbuild/2003">
  <PropertyGroup>
    <ProjectGuid>{5e7895cf-fde1-4583-bd5d-50473a0bcc93}</ProjectGuid>
    <MainSource>List_xrays_vrach.dpr</MainSource>
    <Configuration Condition=" '$(Configuration)' == '' ">Debug</Configuration>
    <Platform Condition=" '$(Platform)' == '' ">AnyCPU</Platform>
    <DCC_DCCCompiler>DCC32</DCC_DCCCompiler>
    <DCC_DependencyCheckOutputName>..\bin_old_auth\List_xrays_vrach.exe</DCC_DependencyCheckOutputName>
  </PropertyGroup>
  <PropertyGroup Condition=" '$(Configuration)|$(Platform)' == 'Release|AnyCPU' ">
    <Version>7.0</Version>
    <DCC_DebugInformation>False</DCC_DebugInformation>
    <DCC_LocalDebugSymbols>False</DCC_LocalDebugSymbols>
    <DCC_SymbolReferenceInfo>0</DCC_SymbolReferenceInfo>
    <DCC_Define>RELEASE</DCC_Define>
  </PropertyGroup>
  <PropertyGroup Condition=" '$(Configuration)|$(Platform)' == 'Debug|AnyCPU' ">
    <Version>7.0</Version>
    <DCC_Define>DEBUG</DCC_Define>
    <DCC_ExeOutput>..\bin_old_auth</DCC_ExeOutput>
    <DCC_DcuOutput>..\DCU_old_auth</DCC_DcuOutput>
    <DCC_ObjOutput>..\DCU_old_auth</DCC_ObjOutput>
    <DCC_HppOutput>..\DCU_old_auth</DCC_HppOutput>
    <DCC_UnitSearchPath>..\..\..\uCommon_Kolya;..\..\..\..\uCommon;..\..\..\uCommon_Tima;..\..\..\..\JVCL;..\..\..\..\uCommon_Ura;..\..\..\..\DigitalSignature\TestSignBlob\SOURCE\;..\..\..\..\DigitalSignature\parts\;..\..\..\..\DigitalSignature\parts\XMLKeysInfo\;..\..\..\uCommon_Utils;..\..\..\..\RUS_D11</DCC_UnitSearchPath>
    <DCC_ResourcePath>..\..\..\uCommon_Kolya;..\..\..\..\uCommon;..\..\..\uCommon_Tima;..\..\..\..\JVCL;..\..\..\..\uCommon_Ura;..\..\..\..\DigitalSignature\TestSignBlob\SOURCE\;..\..\..\..\DigitalSignature\parts\;..\..\..\..\DigitalSignature\parts\XMLKeysInfo\;..\..\..\uCommon_Utils;..\..\..\..\RUS_D11</DCC_ResourcePath>
    <DCC_ObjPath>..\..\..\uCommon_Kolya;..\..\..\..\uCommon;..\..\..\uCommon_Tima;..\..\..\..\JVCL;..\..\..\..\uCommon_Ura;..\..\..\..\DigitalSignature\TestSignBlob\SOURCE\;..\..\..\..\DigitalSignature\parts\;..\..\..\..\DigitalSignature\parts\XMLKeysInfo\;..\..\..\uCommon_Utils;..\..\..\..\RUS_D11</DCC_ObjPath>
    <DCC_IncludePath>..\..\..\uCommon_Kolya;..\..\..\..\uCommon;..\..\..\uCommon_Tima;..\..\..\..\JVCL;..\..\..\..\uCommon_Ura;..\..\..\..\DigitalSignature\TestSignBlob\SOURCE\;..\..\..\..\DigitalSignature\parts\;..\..\..\..\DigitalSignature\parts\XMLKeysInfo\;..\..\..\uCommon_Utils;..\..\..\..\RUS_D11</DCC_IncludePath>
    <DCC_MapFile>3</DCC_MapFile>
  </PropertyGroup>
  <ProjectExtensions>
    <Borland.Personality>Delphi.Personality</Borland.Personality>
    <Borland.ProjectType>VCLApplication</Borland.ProjectType>
    <BorlandProject>
<BorlandProject><Delphi.Personality><Parameters><Parameters Name="UseLauncher">False</Parameters><Parameters Name="LoadAllSymbols">True</Parameters><Parameters Name="LoadUnspecifiedSymbols">False</Parameters><Parameters Name="RunParams">39127</Parameters></Parameters><VersionInfo><VersionInfo Name="IncludeVerInfo">True</VersionInfo><VersionInfo Name="AutoIncBuild">True</VersionInfo><VersionInfo Name="MajorVer">1</VersionInfo><VersionInfo Name="MinorVer">1</VersionInfo><VersionInfo Name="Release">1</VersionInfo><VersionInfo Name="Build">91</VersionInfo><VersionInfo Name="Debug">True</VersionInfo><VersionInfo Name="PreRelease">False</VersionInfo><VersionInfo Name="Special">True</VersionInfo><VersionInfo Name="Private">False</VersionInfo><VersionInfo Name="DLL">False</VersionInfo><VersionInfo Name="Locale">1049</VersionInfo><VersionInfo Name="CodePage">1251</VersionInfo></VersionInfo><VersionInfoKeys><VersionInfoKeys Name="CompanyName"></VersionInfoKeys><VersionInfoKeys Name="FileDescription"></VersionInfoKeys><VersionInfoKeys Name="FileVersion">1.1.1.91</VersionInfoKeys><VersionInfoKeys Name="InternalName"></VersionInfoKeys><VersionInfoKeys Name="LegalCopyright"></VersionInfoKeys><VersionInfoKeys Name="LegalTrademarks"></VersionInfoKeys><VersionInfoKeys Name="OriginalFilename"></VersionInfoKeys><VersionInfoKeys Name="ProductName"></VersionInfoKeys><VersionInfoKeys Name="ProductVersion">1.0.0.0</VersionInfoKeys><VersionInfoKeys Name="Comments"></VersionInfoKeys></VersionInfoKeys><Source><Source Name="MainSource">List_xrays_vrach.dpr</Source></Source><Excluded_Packages>
      
      
      
      
      
      
      
      
      
      
      <Excluded_Packages Name="$(BDS)\bin\dcloffice2k100.bpl">Microsoft Office 2000 Sample Automation Server Wrapper Components</Excluded_Packages>
      <Excluded_Packages Name="$(BDS)\bin\dclofficexp100.bpl">Microsoft Office XP Sample Automation Server Wrapper Components</Excluded_Packages>
    </Excluded_Packages></Delphi.Personality></BorlandProject></BorlandProject>
  </ProjectExtensions>
  <Import Project="$(MSBuildBinPath)\Borland.Delphi.Targets" />
  <ItemGroup>
    <DelphiCompile Include="List_xrays_vrach.dpr">
      <MainSource>MainSource</MainSource>
    </DelphiCompile>
    <DCCReference Include="..\..\..\..\..\Trunk\ASU2\uCommon_Tima\SMMainAPI.pas" />
    <DCCReference Include="..\..\..\..\..\Trunk\ASU2\uCommon_Tima\u.pas" />
    <DCCReference Include="..\..\..\..\..\Trunk\ASU2\uCommon_Tima\uR.pas" />
    <DCCReference Include="..\..\..\..\..\Trunk\ASU2\uCommon_Tima\uRe.pas" />
    <DCCReference Include="..\..\..\..\..\Trunk\ASU2\uCommon_Tima\uRep.pas" />
    <DCCReference Include="..\..\..\..\..\Trunk\ASU2\uCommon_Tima\uRepo.pas" />
    <DCCReference Include="..\..\..\..\..\Trunk\ASU2\uCommon_Tima\uRepor.pas" />
    <DCCReference Include="..\..\..\..\..\Trunk\ASU2\uCommon_Tima\uReport.pas" />
    <DCCReference Include="..\..\..\..\..\Trunk\ASU2\uCommon_Tima\uReportU.pas" />
    <DCCReference Include="..\..\..\..\..\Trunk\ASU2\uCommon_Tima\uReportUt.pas" />
    <DCCReference Include="..\..\..\..\..\Trunk\ASU2\uCommon_Tima\uReportUti.pas" />
    <DCCReference Include="..\..\..\..\..\Trunk\ASU2\uCommon_Tima\uReportUtil.pas" />
    <DCCReference Include="..\..\..\..\..\Trunk\ASU2\uCommon_Tima\uReportUtils.pas" />
    <DCCReference Include="..\..\..\..\..\Trunk\ASU2\uCommon_Utils\uReportUtils.pas" />
    <DCCReference Include="..\..\..\..\..\Trunk\ASU2\uCommon_Util\uReportUtils.pas" />
    <DCCReference Include="..\..\..\..\..\Trunk\ASU2\uCommon_Uti\uReportUtils.pas" />
    <DCCReference Include="..\..\..\..\..\Trunk\ASU2\uCommon_Ut\uReportUtils.pas" />
    <DCCReference Include="..\..\..\..\..\Trunk\ASU2\uCommon_U\uReportUtils.pas" />
    <DCCReference Include="..\..\..\uCommon_Kolya\fAllHistory.pas">
      <Form>frmAllHistory</Form>
    </DCCReference>
    <DCCReference Include="..\..\..\uCommon_Kolya\fArchive.pas">
      <Form>frmArchive</Form>
    </DCCReference>
    <DCCReference Include="..\..\..\uCommon_Kolya\fEditNaz.pas">
      <Form>frmEditNaz</Form>
    </DCCReference>
    <DCCReference Include="..\..\..\uCommon_Kolya\fOtmena.pas">
      <Form>frmOtmena</Form>
    </DCCReference>
    <DCCReference Include="..\..\..\uCommon_Kolya\fPacInfo.pas">
      <Form>frmPacInfo</Form>
    </DCCReference>
    <DCCReference Include="..\..\..\uCommon_Kolya\fSetNaz.pas">
      <Form>frmSetNaz</Form>
    </DCCReference>
    <DCCReference Include="..\..\..\uCommon_Kolya\fSysInfo.pas">
      <Form>frmSysInfo</Form>
    </DCCReference>
    <DCCReference Include="..\..\..\uCommon_Kolya\fWait.pas">
      <Form>FrmWait</Form>
    </DCCReference>
    <DCCReference Include="..\..\..\uCommon_Kolya\Makhaon_TLB.pas" />
    <DCCReference Include="..\..\..\uCommon_Utils\SMMainAPI.pas" />
    <DCCReference Include="..\Source\fAddEditElement.pas">
      <Form>frmAddEditElement</Form>
    </DCCReference>
    <DCCReference Include="..\Source\fControlProtocol.pas">
      <Form>frmControlProtocol</Form>
    </DCCReference>
    <DCCReference Include="..\Source\fControlProtocolN.pas">
      <Form>frmControlProtocolN</Form>
    </DCCReference>
    <DCCReference Include="..\Source\fCorrect.pas">
      <Form>frmCorrect</Form>
    </DCCReference>
    <DCCReference Include="..\Source\fDolg.pas">
      <Form>frmDolg</Form>
    </DCCReference>
    <DCCReference Include="..\Source\fDolgTalon.pas">
      <Form>frmDolgTalon</Form>
    </DCCReference>
    <DCCReference Include="..\Source\fEditDiag.pas">
      <Form>frmEditDiag</Form>
    </DCCReference>
    <DCCReference Include="..\Source\fMain.pas">
      <Form>frmMain</Form>
    </DCCReference>
    <DCCReference Include="..\Source\fMedEditorTemplates.pas">
      <Form>fmMedEditorTemplates</Form>
    </DCCReference>
    <DCCReference Include="..\Source\fOtmetki.pas">
      <Form>frmOtmetki</Form>
    </DCCReference>
    <DCCReference Include="..\Source\fOtmetkiFlu.pas">
      <Form>frmOtmetkiFlu</Form>
    </DCCReference>
    <DCCReference Include="..\Source\fPac.pas">
      <Form>frmPac</Form>
    </DCCReference>
    <DCCReference Include="..\Source\fPass.pas">
      <Form>frmPass</Form>
    </DCCReference>
    <DCCReference Include="..\Source\fProgressNorma.pas">
      <Form>frmProgressNorma</Form>
    </DCCReference>
    <DCCReference Include="..\Source\fProtocol.pas" />
    <DCCReference Include="..\Source\fProtocolMore.pas">
      <Form>frmProtocolMore</Form>
    </DCCReference>
    <DCCReference Include="..\Source\fProtocolN.pas">
      <Form>frmProtocolN</Form>
    </DCCReference>
    <DCCReference Include="..\Source\fSearchLab.pas">
      <Form>frmSearchLab</Form>
    </DCCReference>
    <DCCReference Include="..\Source\fSetDs.pas">
      <Form>frmSetDs</Form>
    </DCCReference>
    <DCCReference Include="..\Source\fSetQ.pas">
      <Form>frmSetQ</Form>
    </DCCReference>
    <DCCReference Include="..\Source\fSetResume.pas">
      <Form>frmSetResume</Form>
    </DCCReference>
    <DCCReference Include="..\Source\fShowControlProtokol.pas">
      <Form>frmShowControlProtokol</Form>
    </DCCReference>
    <DCCReference Include="..\Source\fSnimok.pas">
      <Form>frmSnimok</Form>
    </DCCReference>
  </ItemGroup>
</Project>