<?xml version="1.0" encoding="utf-8"?>
<Project xmlns="http://schemas.microsoft.com/developer/msbuild/2003">
  <PropertyGroup>
    <ProjectGuid>{d1ae8d11-80c8-4580-8539-ddb17e69d98b}</ProjectGuid>
    <Configuration Condition=" '$(Configuration)' == '' ">Debug</Configuration>
    <Platform Condition=" '$(Platform)' == '' ">AnyCPU</Platform>
    <DCC_DCCCompiler>DCC32</DCC_DCCCompiler>
    <DCC_DependencyCheckOutputName>..\bin\DicomClient.exe</DCC_DependencyCheckOutputName>
    <MainSource>DicomClient.dpr</MainSource>
  </PropertyGroup>
  <PropertyGroup Condition=" '$(Configuration)|$(Platform)' == 'Release|AnyCPU' ">
    <Version>7.0</Version>
    <DCC_DebugInformation>False</DCC_DebugInformation>
    <DCC_LocalDebugSymbols>False</DCC_LocalDebugSymbols>
    <DCC_SymbolReferenceInfo>0</DCC_SymbolReferenceInfo>
    <DCC_Define>RELEASE</DCC_Define>
  </PropertyGroup>
  <PropertyGroup Condition=" '$(Configuration)|$(Platform)' == 'Debug|AnyCPU' ">
    <Version>7.0</Version>
    <DCC_Define>DEBUG</DCC_Define>
    <DCC_ExeOutput>..\bin</DCC_ExeOutput>
    <DCC_DcuOutput>..\dcu</DCC_DcuOutput>
    <DCC_ObjOutput>..\dcu</DCC_ObjOutput>
    <DCC_HppOutput>..\dcu</DCC_HppOutput>
    <DCC_MapFile>3</DCC_MapFile>
    <DCC_UnitSearchPath>..\..\..\uCommon_Kolya;..\..\..\..\RUS_D11;..\..\..\uCommon_Dicom</DCC_UnitSearchPath>
    <DCC_ResourcePath>..\..\..\uCommon_Kolya;..\..\..\..\RUS_D11;..\..\..\uCommon_Dicom</DCC_ResourcePath>
    <DCC_ObjPath>..\..\..\uCommon_Kolya;..\..\..\..\RUS_D11;..\..\..\uCommon_Dicom</DCC_ObjPath>
    <DCC_IncludePath>..\..\..\uCommon_Kolya;..\..\..\..\RUS_D11;..\..\..\uCommon_Dicom</DCC_IncludePath>
    <DCC_Optimize>False</DCC_Optimize>
    <DCC_DebugInfoInExe>True</DCC_DebugInfoInExe>
    <DCC_DebugVN>True</DCC_DebugVN>
  </PropertyGroup>
  <ProjectExtensions>
    <Borland.Personality>Delphi.Personality</Borland.Personality>
    <Borland.ProjectType />
    <BorlandProject>
<BorlandProject><Delphi.Personality><Parameters><Parameters Name="UseLauncher">False</Parameters><Parameters Name="LoadAllSymbols">True</Parameters><Parameters Name="LoadUnspecifiedSymbols">False</Parameters></Parameters><VersionInfo><VersionInfo Name="IncludeVerInfo">True</VersionInfo><VersionInfo Name="AutoIncBuild">False</VersionInfo><VersionInfo Name="MajorVer">1</VersionInfo><VersionInfo Name="MinorVer">0</VersionInfo><VersionInfo Name="Release">3</VersionInfo><VersionInfo Name="Build">15</VersionInfo><VersionInfo Name="Debug">False</VersionInfo><VersionInfo Name="PreRelease">False</VersionInfo><VersionInfo Name="Special">False</VersionInfo><VersionInfo Name="Private">False</VersionInfo><VersionInfo Name="DLL">False</VersionInfo><VersionInfo Name="Locale">1049</VersionInfo><VersionInfo Name="CodePage">1251</VersionInfo></VersionInfo><VersionInfoKeys><VersionInfoKeys Name="CompanyName"></VersionInfoKeys><VersionInfoKeys Name="FileDescription"></VersionInfoKeys><VersionInfoKeys Name="FileVersion">1.0.3.15</VersionInfoKeys><VersionInfoKeys Name="InternalName"></VersionInfoKeys><VersionInfoKeys Name="LegalCopyright"></VersionInfoKeys><VersionInfoKeys Name="LegalTrademarks"></VersionInfoKeys><VersionInfoKeys Name="OriginalFilename"></VersionInfoKeys><VersionInfoKeys Name="ProductName"></VersionInfoKeys><VersionInfoKeys Name="ProductVersion">1.0.0.0</VersionInfoKeys><VersionInfoKeys Name="Comments"></VersionInfoKeys></VersionInfoKeys><Excluded_Packages>
      
      
      
      
      
      
      
      
      
      
      
      
      
      
      
      
      
      
      
      
      
      
      <Excluded_Packages Name="$(BDS)\bin\dcloffice2k100.bpl">Microsoft Office 2000 Sample Automation Server Wrapper Components</Excluded_Packages>
      <Excluded_Packages Name="$(BDS)\bin\dclofficexp100.bpl">Microsoft Office XP Sample Automation Server Wrapper Components</Excluded_Packages>
    </Excluded_Packages><Source><Source Name="MainSource">DicomClient.dpr</Source></Source></Delphi.Personality></BorlandProject></BorlandProject>
  </ProjectExtensions>
  <Import Project="$(MSBuildBinPath)\Borland.Delphi.Targets" />
  <ItemGroup>
    <DelphiCompile Include="DicomClient.dpr">
      <MainSource>MainSource</MainSource>
    </DelphiCompile>
    <DCCReference Include="..\..\..\..\DicomVCL\DCM32.pas" />
    <DCCReference Include="..\..\..\..\DicomVCL\DcmImageConvert.pas" />
    <DCCReference Include="..\..\..\..\DicomVCL\Dcmjpeg12.pas" />
    <DCCReference Include="..\..\..\..\DicomVCL\Dcmjpeg16.pas" />
    <DCCReference Include="..\..\..\..\DicomVCL\dcmjpeg8.pas" />
    <DCCReference Include="..\..\..\..\DicomVCL\DCM_Attributes.pas" />
    <DCCReference Include="..\..\..\..\DicomVCL\DCM_Client.pas" />
    <DCCReference Include="..\..\..\..\DicomVCL\DCM_Connection.pas" />
    <DCCReference Include="..\..\..\..\DicomVCL\DCM_Dict.pas" />
    <DCCReference Include="..\..\..\..\DicomVCL\DCM_ImageData_Bitmap.pas" />
    <DCCReference Include="..\..\..\..\DicomVCL\DCM_ImageData_Bitmap16.pas" />
    <DCCReference Include="..\..\..\..\DicomVCL\DCM_ImageData_Bitmap32.pas" />
    <DCCReference Include="..\..\..\..\DicomVCL\DCM_UID.pas" />
    <DCCReference Include="..\..\..\..\DicomVCL\Dcm_View.pas" />
    <DCCReference Include="..\..\..\..\DicomVCL\DicomVFWView.pas" />
    <DCCReference Include="..\..\..\..\DicomVCL\DICOM_charset.pas" />
    <DCCReference Include="..\..\..\uCommon_Dicom\CmnUnit.pas" />
    <DCCReference Include="..\..\..\uCommon_Dicom\DB_CMN.pas" />
    <DCCReference Include="..\..\..\uCommon_Dicom\db_cmn1.pas" />
    <DCCReference Include="..\..\..\uCommon_Dicom\DICOM_CMN.pas" />
    <DCCReference Include="..\..\..\uCommon_Dicom\fCD.pas">
      <Form>frmCD</Form>
    </DCCReference>
    <DCCReference Include="..\..\..\uCommon_Dicom\fCine.pas">
      <Form>frmCine</Form>
    </DCCReference>
    <DCCReference Include="..\..\..\uCommon_Dicom\fHeader.pas">
      <Form>frmHeader</Form>
    </DCCReference>
    <DCCReference Include="..\..\..\uCommon_Dicom\fProgressCD.pas">
      <Form>frmProgressCD</Form>
    </DCCReference>
    <DCCReference Include="..\..\..\uCommon_Dicom\fSendParam.pas">
      <Form>frmSendParam</Form>
    </DCCReference>
    <DCCReference Include="..\..\..\uCommon_Dicom\fSnimki.pas">
      <Form>frmSnimki</Form>
    </DCCReference>
    <DCCReference Include="..\..\..\uCommon_Dicom\MprUnit.pas">
      <Form>MprForm</Form>
    </DCCReference>
    <DCCReference Include="..\..\..\uCommon_Dicom\SurfaceRenderEx.pas">
      <Form>SurfaceRenderForm</Form>
    </DCCReference>
    <DCCReference Include="..\..\..\uCommon_Dicom\UnAbout.pas">
      <Form>FrmAbout</Form>
    </DCCReference>
    <DCCReference Include="..\..\..\uCommon_Dicom\UnComment.pas">
      <Form>frmComment</Form>
    </DCCReference>
    <DCCReference Include="..\..\..\uCommon_Dicom\UnDiagEdt.pas">
      <Form>frmDiagEdt</Form>
    </DCCReference>
    <DCCReference Include="..\..\..\uCommon_Dicom\UnFrmAddDocument.pas">
      <Form>FrmAddDocument</Form>
    </DCCReference>
    <DCCReference Include="..\..\..\uCommon_Dicom\UnFrmDiagTree.pas">
      <Form>frmDiag</Form>
    </DCCReference>
    <DCCReference Include="..\..\..\uCommon_Dicom\UnFrmEcgFrag.pas">
      <Form>FrmEcgFrag</Form>
    </DCCReference>
    <DCCReference Include="..\..\..\uCommon_Dicom\UnFrmFileBrowse.pas">
      <Form>frmFileBrowse</Form>
    </DCCReference>
    <DCCReference Include="..\..\..\uCommon_Dicom\UnFrmGetDevices.pas">
      <Form>FrmGetDevices</Form>
    </DCCReference>
    <DCCReference Include="..\..\..\uCommon_Dicom\UnFrmProgressBar.pas">
      <Form>FrmProgressBar</Form>
    </DCCReference>
    <DCCReference Include="..\..\..\uCommon_Dicom\UnFrmSize.pas">
      <Form>FrmSize</Form>
    </DCCReference>
    <DCCReference Include="..\..\..\uCommon_Dicom\unImportPDF.pas">
      <Form>frmImportPDF</Form>
    </DCCReference>
    <DCCReference Include="..\..\..\uCommon_Dicom\UnKalibr.pas">
      <Form>frmKalibr</Form>
    </DCCReference>
    <DCCReference Include="..\..\..\uCommon_Dicom\UnMultiFormsFrame.pas">
      <Form>MultiForms</Form>
      <DesignClass>TFrame</DesignClass>
    </DCCReference>
    <DCCReference Include="..\..\..\uCommon_Dicom\VolumeRenderingEx.pas">
      <Form>VolumeRenderingForm</Form>
    </DCCReference>
    <DCCReference Include="fEditSys.pas">
      <Form>frmEditSys</Form>
    </DCCReference>
    <DCCReference Include="fJur.pas">
      <Form>frmJur</Form>
    </DCCReference>
    <DCCReference Include="fLogin.pas">
      <Form>frmLogin</Form>
    </DCCReference>
    <DCCReference Include="fMain.pas">
      <Form>frmMain</Form>
    </DCCReference>
    <DCCReference Include="fParams.pas">
      <Form>frmParams</Form>
    </DCCReference>
    <DCCReference Include="fSettings.pas">
      <Form>frmAdvanceSettings</Form>
    </DCCReference>
    <DCCReference Include="fuserInfo.pas">
      <Form>frmUserInfo</Form>
    </DCCReference>
    <DCCReference Include="fUsers.pas">
      <Form>frmUsers</Form>
    </DCCReference>
    <DCCReference Include="ImportSession.pas">
      <Form>frmSessions</Form>
    </DCCReference>
    <DCCReference Include="LIB\VFW.pas" />
    <DCCReference Include="Mpr3DUnit.pas">
      <Form>MPR3DForm</Form>
    </DCCReference>
    <DCCReference Include="TreeView.pas">
      <Form>frmTree</Form>
    </DCCReference>
  </ItemGroup>
</Project>