<?xml version="1.0" encoding="utf-8"?>
<Project xmlns="http://schemas.microsoft.com/developer/msbuild/2003">
  <PropertyGroup>
    <ProjectGuid>{9dfc7c04-f89f-4fc9-8dcb-3bf2c4605a0e}</ProjectGuid>
    <MainSource>PriceMonitoring.dpr</MainSource>
    <Configuration Condition=" '$(Configuration)' == '' ">Debug</Configuration>
    <Platform Condition=" '$(Platform)' == '' ">AnyCPU</Platform>
    <DCC_DCCCompiler>DCC32</DCC_DCCCompiler>
    <DCC_DependencyCheckOutputName>D:\Temp\st_asu_ekat\PriceMonitoring.exe</DCC_DependencyCheckOutputName>
  </PropertyGroup>
  <PropertyGroup Condition=" '$(Configuration)|$(Platform)' == 'Release|AnyCPU' ">
    <Version>7.0</Version>
    <DCC_DebugInformation>False</DCC_DebugInformation>
    <DCC_WriteableConstants>True</DCC_WriteableConstants>
    <DCC_LocalDebugSymbols>False</DCC_LocalDebugSymbols>
    <DCC_SymbolReferenceInfo>0</DCC_SymbolReferenceInfo>
    <DCC_UnitSearchPath>..\..\src;..\..\src\forms;..\..\..\..\uCommon_Tima</DCC_UnitSearchPath>
    <DCC_ResourcePath>..\..\src;..\..\src\forms;..\..\..\..\uCommon_Tima</DCC_ResourcePath>
    <DCC_ObjPath>..\..\src;..\..\src\forms;..\..\..\..\uCommon_Tima</DCC_ObjPath>
    <DCC_IncludePath>..\..\src;..\..\src\forms;..\..\..\..\uCommon_Tima</DCC_IncludePath>
    <DCC_Define>RELEASE</DCC_Define>
  </PropertyGroup>
  <PropertyGroup Condition=" '$(Configuration)|$(Platform)' == 'Debug|AnyCPU' ">
    <Version>7.0</Version>
    <DCC_WriteableConstants>True</DCC_WriteableConstants>
    <DCC_Define>DEBUG;OLD_AUTH</DCC_Define>
    <DCC_ExeOutput>D:\Temp\st_asu_ekat</DCC_ExeOutput>
    <DCC_UnitSearchPath>..\..\..\..\..\..\Trunk\ASU2\uCommon_Tima</DCC_UnitSearchPath>
    <DCC_ResourcePath>..\..\..\..\..\..\Trunk\ASU2\uCommon_Tima</DCC_ResourcePath>
    <DCC_ObjPath>..\..\..\..\..\..\Trunk\ASU2\uCommon_Tima</DCC_ObjPath>
    <DCC_IncludePath>..\..\..\..\..\..\Trunk\ASU2\uCommon_Tima</DCC_IncludePath>
  </PropertyGroup>
  <ProjectExtensions>
    <Borland.Personality>Delphi.Personality</Borland.Personality>
    <Borland.ProjectType>VCLApplication</Borland.ProjectType>
    <BorlandProject>
<BorlandProject><Delphi.Personality><Parameters><Parameters Name="RunParams">64845</Parameters><Parameters Name="UseLauncher">False</Parameters><Parameters Name="LoadAllSymbols">True</Parameters><Parameters Name="LoadUnspecifiedSymbols">False</Parameters></Parameters><VersionInfo><VersionInfo Name="IncludeVerInfo">True</VersionInfo><VersionInfo Name="AutoIncBuild">False</VersionInfo><VersionInfo Name="MajorVer">1</VersionInfo><VersionInfo Name="MinorVer">0</VersionInfo><VersionInfo Name="Release">3</VersionInfo><VersionInfo Name="Build">81</VersionInfo><VersionInfo Name="Debug">False</VersionInfo><VersionInfo Name="PreRelease">False</VersionInfo><VersionInfo Name="Special">False</VersionInfo><VersionInfo Name="Private">False</VersionInfo><VersionInfo Name="DLL">False</VersionInfo><VersionInfo Name="Locale">1049</VersionInfo><VersionInfo Name="CodePage">1251</VersionInfo></VersionInfo><VersionInfoKeys><VersionInfoKeys Name="CompanyName"></VersionInfoKeys><VersionInfoKeys Name="FileDescription"></VersionInfoKeys><VersionInfoKeys Name="FileVersion">1.0.3.81</VersionInfoKeys><VersionInfoKeys Name="InternalName"></VersionInfoKeys><VersionInfoKeys Name="LegalCopyright"></VersionInfoKeys><VersionInfoKeys Name="LegalTrademarks"></VersionInfoKeys><VersionInfoKeys Name="OriginalFilename"></VersionInfoKeys><VersionInfoKeys Name="ProductName"></VersionInfoKeys><VersionInfoKeys Name="ProductVersion">1.0.0.0</VersionInfoKeys><VersionInfoKeys Name="Comments"></VersionInfoKeys></VersionInfoKeys><Source><Source Name="MainSource">PriceMonitoring.dpr</Source></Source><Excluded_Packages>
      
      
      
      
      <Excluded_Packages Name="C:\Program Files\Steema Software\TeeChart Pro 8.04 Full Source Code\Sources\..\TeeTree\Compiled\Delphi11\Bin\DclTree2D11Tee8.bpl">TeeTree 2 Components</Excluded_Packages>
      <Excluded_Packages Name="c:\Program Files\Developer Express Inc_20090211_d11\Library\Delphi11\dclcxPivotGridOLAPD11.bpl">ExpressPivotGrid 2 OLAP by Developer Express Inc.</Excluded_Packages>
      <Excluded_Packages Name="C:\Program Files\Steema Software\TeeChart Pro 8.04 Full Source Code\Sources\Compiled\Delphi11\Bin\DclTeePro811.bpl">TeeChart Pro 8 Components</Excluded_Packages>
      <Excluded_Packages Name="$(BDS)\bin\dclofficexp100.bpl">Microsoft Office XP Sample Automation Server Wrapper Components</Excluded_Packages>
    </Excluded_Packages></Delphi.Personality></BorlandProject></BorlandProject>
  </ProjectExtensions>
  <Import Project="$(MSBuildBinPath)\Borland.Delphi.Targets" />
  <ItemGroup>
    <DelphiCompile Include="PriceMonitoring.dpr">
      <MainSource>MainSource</MainSource>
    </DelphiCompile>
    <DCCReference Include="..\fMain.pas">
      <Form>frmGetPeriod</Form>
    </DCCReference>
  </ItemGroup>
</Project>